	<Project xmlns="http://schemas.microsoft.com/developer/msbuild/2003">
		<PropertyGroup>
			<ProjectGuid>{3228c7e5-dbc2-4603-b155-6bfbac9500c7}</ProjectGuid>
			<MainSource>PackageCommon2010.dpk</MainSource>
			<Configuration Condition=" '$(Configuration)' == '' ">Debug</Configuration>
			<Platform Condition=" '$(Platform)' == '' ">AnyCPU</Platform>
			<DCC_DCCCompiler>DCC32</DCC_DCCCompiler>
			<DCC_DependencyCheckOutputName>PackageCommon2007.bpl</DCC_DependencyCheckOutputName>
			<ProjectVersion>12.0</ProjectVersion>
			<Config Condition="'$(Config)'==''">Debug</Config>
		</PropertyGroup>
		<PropertyGroup Condition="'$(Config)'=='Base' or '$(Base)'!=''">
			<Base>true</Base>
		</PropertyGroup>
		<PropertyGroup Condition="'$(Config)'=='Release' or '$(Cfg_1)'!=''">
			<Cfg_1>true</Cfg_1>
			<CfgParent>Base</CfgParent>
			<Base>true</Base>
		</PropertyGroup>
		<PropertyGroup Condition="'$(Config)'=='Debug' or '$(Cfg_2)'!=''">
			<Cfg_2>true</Cfg_2>
			<CfgParent>Base</CfgParent>
			<Base>true</Base>
		</PropertyGroup>
		<PropertyGroup Condition="'$(Base)'!=''">
			<DCC_UnitSearchPath>.;webbrowser;..\powerdraw3;..\powerdraw3\source;$(DCC_UnitSearchPath)</DCC_UnitSearchPath>
			<BRCC_IncludePath>.\tmspck;$(BRCC_IncludePath)</BRCC_IncludePath>
			<DesignOnlyPackage>false</DesignOnlyPackage>
			<DCC_ImageBase>00400000</DCC_ImageBase>
			<DCC_DependencyCheckOutputName>C:\Users\Public\Documents\RAD Studio\7.0\Bpl\PackageCommon2010.bpl</DCC_DependencyCheckOutputName>
			<GenDll>true</GenDll>
			<DCC_OutputNeverBuildDcps>true</DCC_OutputNeverBuildDcps>
			<GenPackage>true</GenPackage>
		</PropertyGroup>
		<PropertyGroup Condition="'$(Cfg_1)'!=''">
			<DCC_DependencyCheckOutputName>PackageCommon2010.bpl</DCC_DependencyCheckOutputName>
			<Version>7.0</Version>
			<DCC_DebugInformation>False</DCC_DebugInformation>
			<DCC_LocalDebugSymbols>False</DCC_LocalDebugSymbols>
			<DCC_SymbolReferenceInfo>0</DCC_SymbolReferenceInfo>
			<DCC_BplOutput>.</DCC_BplOutput>
			<DCC_Define>RELEASE;$(DCC_Define)</DCC_Define>
		</PropertyGroup>
		<PropertyGroup Condition="'$(Cfg_2)'!=''">
			<DCC_DependencyCheckOutputName>PackageCommon2010.bpl</DCC_DependencyCheckOutputName>
			<Version>7.0</Version>
			<DCC_BplOutput>.</DCC_BplOutput>
			<DCC_UnitSearchPath>$(DELPHI)\Lib\Debug;$(DELPHI)\source\ToolsAPI;g:\delphi\common\;g:\delphi\common\webbrowser;g:\delphi\common\tmspck;$(DCC_UnitSearchPath)</DCC_UnitSearchPath>
			<DCC_ResourcePath>$(DELPHI)\Lib\Debug;$(DELPHI)\source\ToolsAPI;g:\delphi\common\;g:\delphi\common\webbrowser;g:\delphi\common\tmspck;$(DCC_ResourcePath)</DCC_ResourcePath>
			<DCC_ObjPath>$(DELPHI)\Lib\Debug;$(DELPHI)\source\ToolsAPI;g:\delphi\common\;g:\delphi\common\webbrowser;g:\delphi\common\tmspck;$(DCC_ObjPath)</DCC_ObjPath>
			<DCC_IncludePath>$(DELPHI)\Lib\Debug;$(DELPHI)\source\ToolsAPI;g:\delphi\common\;g:\delphi\common\webbrowser;g:\delphi\common\tmspck;$(DCC_IncludePath)</DCC_IncludePath>
		</PropertyGroup>
		<ItemGroup>
			<DelphiCompile Include="PackageCommon2010.dpk">
				<MainSource>MainSource</MainSource>
			</DelphiCompile>
			<DCCReference Include="rtl.dcp"/>
			<DCCReference Include="vcl.dcp"/>
			<DCCReference Include="tee.dcp"/>
			<DCCReference Include="designide.dcp"/>
			<DCCReference Include="vclx.dcp"/>
			<DCCReference Include="dbrtl.dcp"/>
			<DCCReference Include="dbexpress.dcp"/>
			<DCCReference Include="DbxCommonDriver.dcp"/>
			<DCCReference Include="xmlrtl.dcp"/>
			<DCCReference Include="vclactnband.dcp"/>
			<DCCReference Include="VclSmp.dcp"/>
			<DCCReference Include="dclnet.dcp"/>
			<DCCReference Include="WebBrowser\AppWebUpdater.pas"/>
			<DCCReference Include="WebBrowser\Browse4Folder.pas"/>
			<DCCReference Include="WebBrowser\DirMonitor.pas"/>
			<DCCReference Include="WebBrowser\EditDesigner.pas"/>
			<DCCReference Include="WebBrowser\Edithost.pas"/>
			<DCCReference Include="WebBrowser\EmbeddedWB.pas"/>
			<DCCReference Include="WebBrowser\EwbAcc.pas"/>
			<DCCReference Include="WebBrowser\EwbCore.pas"/>
			<DCCReference Include="WebBrowser\EwbDDE.pas"/>
			<DCCReference Include="WebBrowser\EwbEditors.pas"/>
			<DCCReference Include="WebBrowser\EwbReg.pas"/>
			<DCCReference Include="WebBrowser\EwbTools.pas"/>
			<DCCReference Include="WebBrowser\ExportFavorites.pas"/>
			<DCCReference Include="WebBrowser\FavMenu.pas"/>
			<DCCReference Include="WebBrowser\FavoritesListView.pas"/>
			<DCCReference Include="WebBrowser\FavoritesPopup.pas"/>
			<DCCReference Include="WebBrowser\FavoritesTree.pas"/>
			<DCCReference Include="WebBrowser\FileExtAssociate.pas"/>
			<DCCReference Include="WebBrowser\HighLightHTML.pas"/>
			<DCCReference Include="WebBrowser\HighLightRichSyntax.pas"/>
			<DCCReference Include="WebBrowser\HighLightXML.pas"/>
			<DCCReference Include="WebBrowser\HistoryListView.pas"/>
			<DCCReference Include="WebBrowser\HistoryMenu.pas"/>
			<DCCReference Include="WebBrowser\IEAddress.pas"/>
			<DCCReference Include="WebBrowser\IECache.pas"/>
			<DCCReference Include="WebBrowser\IEConst.pas"/>
			<DCCReference Include="WebBrowser\IEDownload.pas"/>
			<DCCReference Include="WebBrowser\IEGuid.pas"/>
			<DCCReference Include="WebBrowser\IEParser.pas"/>
			<DCCReference Include="WebBrowser\IETravelLog.pas"/>
			<DCCReference Include="WebBrowser\ImportFavorites.pas"/>
			<DCCReference Include="WebBrowser\LibXmlComps.pas"/>
			<DCCReference Include="WebBrowser\LibXmlParser.pas"/>
			<DCCReference Include="WebBrowser\LinkLabel.pas"/>
			<DCCReference Include="WebBrowser\LinksBar.pas"/>
			<DCCReference Include="WebBrowser\MenuContext.pas"/>
			<DCCReference Include="WebBrowser\Mshtml_Ewb.pas"/>
			<DCCReference Include="WebBrowser\RichEditBrowser.pas"/>
			<DCCReference Include="WebBrowser\SecurityManager.pas"/>
			<DCCReference Include="WebBrowser\SendMail_For_Ewb.pas"/>
			<DCCReference Include="WebBrowser\SHDocVw_EWB.pas"/>
			<DCCReference Include="WebBrowser\UI_Less.pas"/>
			<DCCReference Include="WebBrowser\UrlHistory.pas"/>
			<DCCReference Include="..\powerdraw3\Source\PGrafixReg.pas"/>
			<DCCReference Include="pngextra.pas"/>
			<DCCReference Include="GIFImage.pas"/>
			<DCCReference Include="pnggraphic.pas"/>
			<DCCReference Include="pngzlib.pas"/>
			<DCCReference Include="FormBase.pas">
				<Form>frmBase</Form>
			</DCCReference>
			<DCCReference Include="FormReg.pas"/>
			<DCCReference Include="GraphicButton.pas"/>
			<DCCReference Include="FormDataAware.pas">
				<Form>frmDataAware</Form>
			</DCCReference>
			<DCCReference Include="GlassControls.pas"/>
			<DCCReference Include="diagram.pas"/>
			<DCCReference Include="WMPLib_TLB.pas"/>
			<DCCReference Include="K3XLib_TLB.pas"/>
			<DCCReference Include="better_Sockets.pas"/>
			<DCCReference Include="MSTSCLib_TLB.pas"/>
			<DCCReference Include="DXDraws.pas"/>
			<DCCReference Include="DXReg.pas"/>
			<DCCReference Include="FrameBase.pas">
				<Form>frmFrameBase</Form>
				<DesignClass>TFrame</DesignClass>
			</DCCReference>
			<DCCReference Include="FrameHostPanel.pas"/>
			<DCCReference Include="ActiveWinamp_TLB.pas"/>
			<DCCReference Include="AnalogTrackBar.pas"/>
			<BuildConfiguration Include="Base">
				<Key>Base</Key>
			</BuildConfiguration>
			<BuildConfiguration Include="Debug">
				<Key>Cfg_2</Key>
				<CfgParent>Base</CfgParent>
			</BuildConfiguration>
			<BuildConfiguration Include="Release">
				<Key>Cfg_1</Key>
				<CfgParent>Base</CfgParent>
			</BuildConfiguration>
		</ItemGroup>
		<Import Project="$(BDS)\Bin\CodeGear.Delphi.Targets" Condition="Exists('$(BDS)\Bin\CodeGear.Delphi.Targets')"/>
		<ProjectExtensions>
			<Borland.Personality>Delphi.Personality.12</Borland.Personality>
			<Borland.ProjectType>Package</Borland.ProjectType>
			<BorlandProject>
				<Delphi.Personality>
					<Parameters>
						<Parameters Name="UseLauncher">False</Parameters>
						<Parameters Name="LoadAllSymbols">True</Parameters>
						<Parameters Name="LoadUnspecifiedSymbols">False</Parameters>
					</Parameters>
					<VersionInfo>
						<VersionInfo Name="IncludeVerInfo">True</VersionInfo>
						<VersionInfo Name="AutoIncBuild">False</VersionInfo>
						<VersionInfo Name="MajorVer">1</VersionInfo>
						<VersionInfo Name="MinorVer">0</VersionInfo>
						<VersionInfo Name="Release">0</VersionInfo>
						<VersionInfo Name="Build">0</VersionInfo>
						<VersionInfo Name="Debug">False</VersionInfo>
						<VersionInfo Name="PreRelease">False</VersionInfo>
						<VersionInfo Name="Special">False</VersionInfo>
						<VersionInfo Name="Private">False</VersionInfo>
						<VersionInfo Name="DLL">False</VersionInfo>
						<VersionInfo Name="Locale">1033</VersionInfo>
						<VersionInfo Name="CodePage">1252</VersionInfo>
					</VersionInfo>
					<VersionInfoKeys>
						<VersionInfoKeys Name="CompanyName"/>
						<VersionInfoKeys Name="FileDescription"/>
						<VersionInfoKeys Name="FileVersion">1.0.0.0</VersionInfoKeys>
						<VersionInfoKeys Name="InternalName"/>
						<VersionInfoKeys Name="LegalCopyright"/>
						<VersionInfoKeys Name="LegalTrademarks"/>
						<VersionInfoKeys Name="OriginalFilename"/>
						<VersionInfoKeys Name="ProductName"/>
						<VersionInfoKeys Name="ProductVersion">1.0.0.0</VersionInfoKeys>
						<VersionInfoKeys Name="Comments"/>
					</VersionInfoKeys>
					<Source>
						<Source Name="MainSource">PackageCommon2010.dpk</Source>
					</Source>
					<Excluded_Packages>
						<Excluded_Packages Name="$(BDS)\bin\dcloffice2k140.bpl">Microsoft Office 2000 Sample Automation Server Wrapper Components</Excluded_Packages>
						<Excluded_Packages Name="$(BDS)\bin\dclofficexp140.bpl">Microsoft Office XP Sample Automation Server Wrapper Components</Excluded_Packages>
					</Excluded_Packages>
				</Delphi.Personality>
			</BorlandProject>
			<ProjectFileVersion>12</ProjectFileVersion>
		</ProjectExtensions>
	</Project>
